{
  "name": "patternfly-yew",
  "version": "0.0.0",
  "lockfileVersion": 3,
  "requires": true,
  "packages": {
    "": {
      "name": "patternfly-yew",
      "version": "0.0.0",
      "dependencies": {
        "@fortawesome/fontawesome-free": "^6.3.0",
        "@patternfly/patternfly": "^5.2.0"
      }
    },
    "node_modules/@fortawesome/fontawesome-free": {
      "version": "6.5.1",
      "resolved": "https://registry.npmjs.org/@fortawesome/fontawesome-free/-/fontawesome-free-6.5.1.tgz",
      "integrity": "sha512-CNy5vSwN3fsUStPRLX7fUYojyuzoEMSXPl7zSLJ8TgtRfjv24LOnOWKT2zYwaHZCJGkdyRnTmstR0P+Ah503Gw==",
      "hasInstallScript": true,
      "engines": {
        "node": ">=6"
      }
    },
    "node_modules/@patternfly/patternfly": {
      "version": "5.2.1",
      "resolved": "https://registry.npmjs.org/@patternfly/patternfly/-/patternfly-5.2.1.tgz",
      "integrity": "sha512-n5xFjyj1J4eIFZ7XeU6K44POKRAuDlO5yALPbn084y+jPy1j861AaQ+zIUbzCi4IzBlHrvoXVKij7p1zy7Ditg=="
    }
  }
}
