{
  "name": "patternfly-yew",
  "version": "0.0.0",
  "lockfileVersion": 3,
  "requires": true,
  "packages": {
    "": {
      "name": "patternfly-yew",
      "version": "0.0.0",
      "dependencies": {
        "@fortawesome/fontawesome-free": "^6.3.0",
        "@patternfly/patternfly": "^5.0.0-alpha.78"
      }
    },
    "node_modules/@fortawesome/fontawesome-free": {
      "version": "6.4.0",
      "resolved": "https://registry.npmjs.org/@fortawesome/fontawesome-free/-/fontawesome-free-6.4.0.tgz",
      "integrity": "sha512-0NyytTlPJwB/BF5LtRV8rrABDbe3TdTXqNB3PdZ+UUUZAEIrdOJdmABqKjt4AXwIoJNaRVVZEXxpNrqvE1GAYQ==",
      "hasInstallScript": true,
      "engines": {
        "node": ">=6"
      }
    },
    "node_modules/@patternfly/patternfly": {
      "version": "5.0.0-prerelease.10",
      "resolved": "https://registry.npmjs.org/@patternfly/patternfly/-/patternfly-5.0.0-prerelease.10.tgz",
      "integrity": "sha512-jVAqCl2UHiB4246fzLBNTcrY6iwllZ5V14KV4kN4/PIPGb3lgM7jpFxWSISsT6yApsVQ8mQngiWhwfqpDZpVaw=="
    }
  }
}
