dependencies:
- name: keycloak
  repository: https://charts.bitnami.com/bitnami
  version: 18.2.1
- name: minio
  repository: https://charts.bitnami.com/bitnami
  version: 13.2.0
- name: postgresql
  repository: https://charts.bitnami.com/bitnami
  version: 18.1.14
- name: kafka
  repository: https://charts.bitnami.com/bitnami
  version: 26.8.3
digest: sha256:9acbdaed17eee3a0d86b83002791b06ae1d60f1803fdd64ac7f69a4b114bbda5
generated: "2025-12-13T22:06:10.396493144Z"
