dependencies:
- name: keycloak
  repository: https://charts.bitnami.com/bitnami
  version: 18.7.1
- name: minio
  repository: https://charts.bitnami.com/bitnami
  version: 13.8.4
- name: postgresql
  repository: https://charts.bitnami.com/bitnami
  version: 13.3.0
- name: kafka
  repository: https://charts.bitnami.com/bitnami
  version: 26.11.4
digest: sha256:0d8b1f9ef0f5cc52cb60144e899ead3ead088f2f787b1dd557068641b025cd9f
generated: "2024-10-20T20:27:39.541522176+02:00"
