dependencies:
- name: keycloak
  repository: https://charts.bitnami.com/bitnami
  version: 18.2.1
- name: minio
  repository: https://charts.bitnami.com/bitnami
  version: 13.2.0
- name: postgresql
  repository: https://charts.bitnami.com/bitnami
  version: 13.3.0
- name: kafka
  repository: https://charts.bitnami.com/bitnami
  version: 26.8.3
digest: sha256:4b8064da5c4e43192c0606a07be1923c53cb019225991d117c8d8d3168ab36d0
generated: "2024-01-29T17:36:52.909270869+01:00"
